
Microsoft Visual Studio Solution File, Format Version 12.00
# Visual Studio 15
VisualStudioVersion = 15.0.28307.645
MinimumVisualStudioVersion = 10.0.40219.1
Project("{9A19103F-16F7-4668-BE54-9A1E7A4F7556}") = "AccountingSystem", "AccountingSystem\AccountingSystem.csproj", "{E37C09BE-7AD6-4F21-9F28-F2F2D2841FB1}"
EndProject
Project("{FAE04EC0-301F-11D3-BF4B-00C04F79EFBC}") = "AccountingSystem.Common", "AccountingSystem.Common\AccountingSystem.Common.csproj", "{6F69A274-35B8-47E2-8E93-1F70D5E0F7A1}"
EndProject
Project("{FAE04EC0-301F-11D3-BF4B-00C04F79EFBC}") = "AccountingSystem.Configuration", "AccountingSystem.Configuration\AccountingSystem.Configuration.csproj", "{62A7205F-1AB9-472C-B384-31041A29D96D}"
EndProject
Project("{FAE04EC0-301F-11D3-BF4B-00C04F79EFBC}") = "AccountingSystem.Models", "AccountingSystem.Models\AccountingSystem.Models.csproj", "{C014CC66-10B9-4518-A498-4A58574E8389}"
EndProject
Project("{FAE04EC0-301F-11D3-BF4B-00C04F79EFBC}") = "AccountingSystem.Models.Dto", "AccountingSystem.Models.Dto\AccountingSystem.Models.Dto.csproj", "{D8783E0F-3D80-404F-9568-ED3AEC5BD8A4}"
EndProject
Project("{FAE04EC0-301F-11D3-BF4B-00C04F79EFBC}") = "AccountingSystem.Services", "AccountingSystem.Services\AccountingSystem.Services.csproj", "{913DD4F8-3C05-48E7-93DB-EB8AFA31E591}"
EndProject
Project("{FAE04EC0-301F-11D3-BF4B-00C04F79EFBC}") = "AccountingSystem.Services.Interfaces", "AccountingSystem.Services.Interfaces\AccountingSystem.Services.Interfaces.csproj", "{FD1AEEFB-9C40-4838-9477-DED2F000C08E}"
EndProject
Project("{FAE04EC0-301F-11D3-BF4B-00C04F79EFBC}") = "AccountingSystem.Web.Common", "AccountingSystem.Web.Common\AccountingSystem.Web.Common.csproj", "{10530F6A-CAAF-469B-B796-5A877D186D96}"
EndProject
Global
	GlobalSection(SolutionConfigurationPlatforms) = preSolution
		Debug|Any CPU = Debug|Any CPU
		Release|Any CPU = Release|Any CPU
	EndGlobalSection
	GlobalSection(ProjectConfigurationPlatforms) = postSolution
		{E37C09BE-7AD6-4F21-9F28-F2F2D2841FB1}.Debug|Any CPU.ActiveCfg = Debug|Any CPU
		{E37C09BE-7AD6-4F21-9F28-F2F2D2841FB1}.Debug|Any CPU.Build.0 = Debug|Any CPU
		{E37C09BE-7AD6-4F21-9F28-F2F2D2841FB1}.Release|Any CPU.ActiveCfg = Release|Any CPU
		{E37C09BE-7AD6-4F21-9F28-F2F2D2841FB1}.Release|Any CPU.Build.0 = Release|Any CPU
		{6F69A274-35B8-47E2-8E93-1F70D5E0F7A1}.Debug|Any CPU.ActiveCfg = Debug|Any CPU
		{6F69A274-35B8-47E2-8E93-1F70D5E0F7A1}.Debug|Any CPU.Build.0 = Debug|Any CPU
		{6F69A274-35B8-47E2-8E93-1F70D5E0F7A1}.Release|Any CPU.ActiveCfg = Release|Any CPU
		{6F69A274-35B8-47E2-8E93-1F70D5E0F7A1}.Release|Any CPU.Build.0 = Release|Any CPU
		{62A7205F-1AB9-472C-B384-31041A29D96D}.Debug|Any CPU.ActiveCfg = Debug|Any CPU
		{62A7205F-1AB9-472C-B384-31041A29D96D}.Debug|Any CPU.Build.0 = Debug|Any CPU
		{62A7205F-1AB9-472C-B384-31041A29D96D}.Release|Any CPU.ActiveCfg = Release|Any CPU
		{62A7205F-1AB9-472C-B384-31041A29D96D}.Release|Any CPU.Build.0 = Release|Any CPU
		{C014CC66-10B9-4518-A498-4A58574E8389}.Debug|Any CPU.ActiveCfg = Debug|Any CPU
		{C014CC66-10B9-4518-A498-4A58574E8389}.Debug|Any CPU.Build.0 = Debug|Any CPU
		{C014CC66-10B9-4518-A498-4A58574E8389}.Release|Any CPU.ActiveCfg = Release|Any CPU
		{C014CC66-10B9-4518-A498-4A58574E8389}.Release|Any CPU.Build.0 = Release|Any CPU
		{D8783E0F-3D80-404F-9568-ED3AEC5BD8A4}.Debug|Any CPU.ActiveCfg = Debug|Any CPU
		{D8783E0F-3D80-404F-9568-ED3AEC5BD8A4}.Debug|Any CPU.Build.0 = Debug|Any CPU
		{D8783E0F-3D80-404F-9568-ED3AEC5BD8A4}.Release|Any CPU.ActiveCfg = Release|Any CPU
		{D8783E0F-3D80-404F-9568-ED3AEC5BD8A4}.Release|Any CPU.Build.0 = Release|Any CPU
		{913DD4F8-3C05-48E7-93DB-EB8AFA31E591}.Debug|Any CPU.ActiveCfg = Debug|Any CPU
		{913DD4F8-3C05-48E7-93DB-EB8AFA31E591}.Debug|Any CPU.Build.0 = Debug|Any CPU
		{913DD4F8-3C05-48E7-93DB-EB8AFA31E591}.Release|Any CPU.ActiveCfg = Release|Any CPU
		{913DD4F8-3C05-48E7-93DB-EB8AFA31E591}.Release|Any CPU.Build.0 = Release|Any CPU
		{FD1AEEFB-9C40-4838-9477-DED2F000C08E}.Debug|Any CPU.ActiveCfg = Debug|Any CPU
		{FD1AEEFB-9C40-4838-9477-DED2F000C08E}.Debug|Any CPU.Build.0 = Debug|Any CPU
		{FD1AEEFB-9C40-4838-9477-DED2F000C08E}.Release|Any CPU.ActiveCfg = Release|Any CPU
		{FD1AEEFB-9C40-4838-9477-DED2F000C08E}.Release|Any CPU.Build.0 = Release|Any CPU
		{10530F6A-CAAF-469B-B796-5A877D186D96}.Debug|Any CPU.ActiveCfg = Debug|Any CPU
		{10530F6A-CAAF-469B-B796-5A877D186D96}.Debug|Any CPU.Build.0 = Debug|Any CPU
		{10530F6A-CAAF-469B-B796-5A877D186D96}.Release|Any CPU.ActiveCfg = Release|Any CPU
		{10530F6A-CAAF-469B-B796-5A877D186D96}.Release|Any CPU.Build.0 = Release|Any CPU
	EndGlobalSection
	GlobalSection(SolutionProperties) = preSolution
		HideSolutionNode = FALSE
	EndGlobalSection
	GlobalSection(ExtensibilityGlobals) = postSolution
		SolutionGuid = {5B92B5BE-7063-4539-B289-5BC941B8FD71}
	EndGlobalSection
EndGlobal
